
Microsoft Visual Studio Solution File, Format Version 12.00
# Visual Studio Version 17
VisualStudioVersion = 17.3.32804.467
MinimumVisualStudioVersion = 10.0.40219.1
Project("{9A19103F-16F7-4668-BE54-9A1E7A4F7556}") = "DuEDrawingControl", "DuEDrawingControl\DuEDrawingControl.csproj", "{1B1C8DE4-3322-45A5-8688-E05405800A29}"
EndProject
Project("{9A19103F-16F7-4668-BE54-9A1E7A4F7556}") = "WindowsFormExample", "WindowsFormExample\WindowsFormExample.csproj", "{3F0BBED6-8C1A-4E21-9CF7-3CAEB1F0DD81}"
EndProject
Project("{9A19103F-16F7-4668-BE54-9A1E7A4F7556}") = "WPFExample", "WPFExample\WPFExample.csproj", "{AB0345D1-D814-4887-AFC6-F8F62CA8F944}"
EndProject
Project("{2150E333-8FDC-42A3-9474-1A3956D46DE8}") = "Example", "Example", "{F58A499F-E60D-45FA-9FD0-B2F65C6BDAB7}"
EndProject
Global
	GlobalSection(SolutionConfigurationPlatforms) = preSolution
		Debug|x64 = Debug|x64
		Release|x64 = Release|x64
	EndGlobalSection
	GlobalSection(ProjectConfigurationPlatforms) = postSolution
		{1B1C8DE4-3322-45A5-8688-E05405800A29}.Debug|x64.ActiveCfg = Debug|x64
		{1B1C8DE4-3322-45A5-8688-E05405800A29}.Debug|x64.Build.0 = Debug|x64
		{1B1C8DE4-3322-45A5-8688-E05405800A29}.Release|x64.ActiveCfg = Release|x64
		{3F0BBED6-8C1A-4E21-9CF7-3CAEB1F0DD81}.Debug|x64.ActiveCfg = Debug|x64
		{3F0BBED6-8C1A-4E21-9CF7-3CAEB1F0DD81}.Debug|x64.Build.0 = Debug|x64
		{3F0BBED6-8C1A-4E21-9CF7-3CAEB1F0DD81}.Release|x64.ActiveCfg = Release|x64
		{AB0345D1-D814-4887-AFC6-F8F62CA8F944}.Debug|x64.ActiveCfg = Debug|x64
		{AB0345D1-D814-4887-AFC6-F8F62CA8F944}.Debug|x64.Build.0 = Debug|x64
		{AB0345D1-D814-4887-AFC6-F8F62CA8F944}.Release|x64.ActiveCfg = Release|x64
	EndGlobalSection
	GlobalSection(SolutionProperties) = preSolution
		HideSolutionNode = FALSE
	EndGlobalSection
	GlobalSection(NestedProjects) = preSolution
		{3F0BBED6-8C1A-4E21-9CF7-3CAEB1F0DD81} = {F58A499F-E60D-45FA-9FD0-B2F65C6BDAB7}
		{AB0345D1-D814-4887-AFC6-F8F62CA8F944} = {F58A499F-E60D-45FA-9FD0-B2F65C6BDAB7}
	EndGlobalSection
	GlobalSection(ExtensibilityGlobals) = postSolution
		SolutionGuid = {EFB099C0-4A06-431E-B3D5-961C641911E0}
	EndGlobalSection
EndGlobal
